
Microsoft Visual Studio Solution File, Format Version 12.00
# Visual Studio Version 17
VisualStudioVersion = 17.3.32922.545
MinimumVisualStudioVersion = 10.0.40219.1
Project("{9A19103F-16F7-4668-BE54-9A1E7A4F7556}") = "BCSH2_semestralka", "BCSH2_semestralka\BCSH2_semestralka.csproj", "{365D946C-B006-446F-A8D6-A21CE9E825A3}"
	ProjectSection(ProjectDependencies) = postProject
		{E184A8C4-53B3-4B33-ABCF-F3CA35E95C3F} = {E184A8C4-53B3-4B33-ABCF-F3CA35E95C3F}
	EndProjectSection
EndProject
Project("{9A19103F-16F7-4668-BE54-9A1E7A4F7556}") = "BTEJA_semestralka", "BTEJA_semestralka\BTEJA_semestralka.csproj", "{E184A8C4-53B3-4B33-ABCF-F3CA35E95C3F}"
EndProject
Global
	GlobalSection(SolutionConfigurationPlatforms) = preSolution
		Debug|Any CPU = Debug|Any CPU
		Release|Any CPU = Release|Any CPU
	EndGlobalSection
	GlobalSection(ProjectConfigurationPlatforms) = postSolution
		{365D946C-B006-446F-A8D6-A21CE9E825A3}.Debug|Any CPU.ActiveCfg = Debug|Any CPU
		{365D946C-B006-446F-A8D6-A21CE9E825A3}.Debug|Any CPU.Build.0 = Debug|Any CPU
		{365D946C-B006-446F-A8D6-A21CE9E825A3}.Release|Any CPU.ActiveCfg = Release|Any CPU
		{365D946C-B006-446F-A8D6-A21CE9E825A3}.Release|Any CPU.Build.0 = Release|Any CPU
		{E184A8C4-53B3-4B33-ABCF-F3CA35E95C3F}.Debug|Any CPU.ActiveCfg = Debug|Any CPU
		{E184A8C4-53B3-4B33-ABCF-F3CA35E95C3F}.Debug|Any CPU.Build.0 = Debug|Any CPU
		{E184A8C4-53B3-4B33-ABCF-F3CA35E95C3F}.Release|Any CPU.ActiveCfg = Release|Any CPU
		{E184A8C4-53B3-4B33-ABCF-F3CA35E95C3F}.Release|Any CPU.Build.0 = Release|Any CPU
	EndGlobalSection
	GlobalSection(SolutionProperties) = preSolution
		HideSolutionNode = FALSE
	EndGlobalSection
	GlobalSection(ExtensibilityGlobals) = postSolution
		SolutionGuid = {4A57E4C4-6F34-4087-8722-CA5426AE35B7}
	EndGlobalSection
EndGlobal
