
Microsoft Visual Studio Solution File, Format Version 12.00
# Visual Studio Version 17
VisualStudioVersion = 17.3.32922.545
MinimumVisualStudioVersion = 10.0.40219.1
Project("{9A19103F-16F7-4668-BE54-9A1E7A4F7556}") = "BTEJA_BCSH2_semestralka", "BTEJA_BCSH2_semestralka.csproj", "{95A9A764-A7DC-411C-91EF-58A38974C230}"
EndProject
Project("{FAE04EC0-301F-11D3-BF4B-00C04F79EFBC}") = "BTEJA_semestralka_testing", "..\BTEJA_semestralka_testing\BTEJA_semestralka_testing.csproj", "{5FA4F9CF-2DF2-4520-B466-0DC988ABFFDC}"
EndProject
Global
	GlobalSection(SolutionConfigurationPlatforms) = preSolution
		Debug|Any CPU = Debug|Any CPU
		Release|Any CPU = Release|Any CPU
	EndGlobalSection
	GlobalSection(ProjectConfigurationPlatforms) = postSolution
		{95A9A764-A7DC-411C-91EF-58A38974C230}.Debug|Any CPU.ActiveCfg = Debug|Any CPU
		{95A9A764-A7DC-411C-91EF-58A38974C230}.Debug|Any CPU.Build.0 = Debug|Any CPU
		{95A9A764-A7DC-411C-91EF-58A38974C230}.Release|Any CPU.ActiveCfg = Release|Any CPU
		{95A9A764-A7DC-411C-91EF-58A38974C230}.Release|Any CPU.Build.0 = Release|Any CPU
		{5FA4F9CF-2DF2-4520-B466-0DC988ABFFDC}.Debug|Any CPU.ActiveCfg = Debug|Any CPU
		{5FA4F9CF-2DF2-4520-B466-0DC988ABFFDC}.Debug|Any CPU.Build.0 = Debug|Any CPU
		{5FA4F9CF-2DF2-4520-B466-0DC988ABFFDC}.Release|Any CPU.ActiveCfg = Release|Any CPU
		{5FA4F9CF-2DF2-4520-B466-0DC988ABFFDC}.Release|Any CPU.Build.0 = Release|Any CPU
	EndGlobalSection
	GlobalSection(SolutionProperties) = preSolution
		HideSolutionNode = FALSE
	EndGlobalSection
	GlobalSection(ExtensibilityGlobals) = postSolution
		SolutionGuid = {4A57E4C4-6F34-4087-8722-CA5426AE35B7}
	EndGlobalSection
EndGlobal
